
Microsoft Visual Studio Solution File, Format Version 12.00
# Visual Studio Version 17
VisualStudioVersion = 17.3.32929.385
MinimumVisualStudioVersion = 10.0.40219.1
Project("{FAE04EC0-301F-11D3-BF4B-00C04F79EFBC}") = "Lb3", "Lb3\Lb3.csproj", "{237630EB-FA11-413A-8C9E-F5B516805D25}"
EndProject
Global
	GlobalSection(SolutionConfigurationPlatforms) = preSolution
		Debug|Any CPU = Debug|Any CPU
		Release|Any CPU = Release|Any CPU
	EndGlobalSection
	GlobalSection(ProjectConfigurationPlatforms) = postSolution
		{237630EB-FA11-413A-8C9E-F5B516805D25}.Debug|Any CPU.ActiveCfg = Debug|Any CPU
		{237630EB-FA11-413A-8C9E-F5B516805D25}.Debug|Any CPU.Build.0 = Debug|Any CPU
		{237630EB-FA11-413A-8C9E-F5B516805D25}.Release|Any CPU.ActiveCfg = Release|Any CPU
		{237630EB-FA11-413A-8C9E-F5B516805D25}.Release|Any CPU.Build.0 = Release|Any CPU
	EndGlobalSection
	GlobalSection(SolutionProperties) = preSolution
		HideSolutionNode = FALSE
	EndGlobalSection
	GlobalSection(ExtensibilityGlobals) = postSolution
		SolutionGuid = {BE33BC91-5F7F-41FA-947E-4535EA979AFF}
	EndGlobalSection
EndGlobal
